
Microsoft Visual Studio Solution File, Format Version 12.00
# Visual Studio Version 16
VisualStudioVersion = 16.0.31624.102
MinimumVisualStudioVersion = 10.0.40219.1
Project("{9A19103F-16F7-4668-BE54-9A1E7A4F7556}") = "Roman_to_Integer", "problem_solve_leetCode\Roman_to_Integer.csproj", "{1F8C5E8D-EDC2-4A02-80DA-2E4652FF9F08}"
EndProject
Project("{9A19103F-16F7-4668-BE54-9A1E7A4F7556}") = "Ransom Note", "Ransom Note\Ransom Note.csproj", "{A72F6594-B8D5-44A8-A350-C5853FE34563}"
EndProject
Project("{9A19103F-16F7-4668-BE54-9A1E7A4F7556}") = "Fizz Buzz", "Fizz Buzz\Fizz Buzz.csproj", "{BAA8DCE7-1C4A-42B5-910A-63D7E2C4B010}"
EndProject
Project("{9A19103F-16F7-4668-BE54-9A1E7A4F7556}") = "Palindrome Linked List", "Palindrome Linked List\Palindrome Linked List.csproj", "{B2F81E6B-26FE-49C6-B7FF-3002DB55E680}"
EndProject
Project("{9A19103F-16F7-4668-BE54-9A1E7A4F7556}") = "Middle of the Linked List", "Middle of the Linked List\Middle of the Linked List.csproj", "{1A582562-8901-42BF-A188-EB807F6AEF91}"
EndProject
Project("{9A19103F-16F7-4668-BE54-9A1E7A4F7556}") = "K Weakest Rows in a Matrix", "K Weakest Rows in a Matrix\K Weakest Rows in a Matrix.csproj", "{578B436F-0448-41AE-827E-BA55BB09A1E3}"
EndProject
Project("{9A19103F-16F7-4668-BE54-9A1E7A4F7556}") = "Number Of Steps", "Number Of Steps\Number Of Steps.csproj", "{755840E7-9A13-4CE0-BEF4-FB038FBE75D2}"
EndProject
Project("{9A19103F-16F7-4668-BE54-9A1E7A4F7556}") = "Maximum Wealth", "Maximum Wealth\Maximum Wealth.csproj", "{C3E02732-3989-410D-9EC0-23A6A38E3C9E}"
EndProject
Project("{9A19103F-16F7-4668-BE54-9A1E7A4F7556}") = "Baseball Game", "Baseball Game\Baseball Game.csproj", "{B6485528-7D8D-4619-9190-A33CEEC5C72C}"
EndProject
Project("{9A19103F-16F7-4668-BE54-9A1E7A4F7556}") = "Shift 2D Grid", "Shift 2D Grid\Shift 2D Grid.csproj", "{BA668DC3-5BEC-47E4-BC10-266D09E5396D}"
EndProject
Project("{9A19103F-16F7-4668-BE54-9A1E7A4F7556}") = "Two Sum", "Two Sum\Two Sum.csproj", "{D4AB19D3-8D64-4BAE-9C51-FCE999C068A1}"
EndProject
Project("{9A19103F-16F7-4668-BE54-9A1E7A4F7556}") = "Palindrome Number", "Palindrome Number\Palindrome Number.csproj", "{6D4FEAD3-4EC0-4ADE-8626-A63897EDC6E4}"
EndProject
Project("{9A19103F-16F7-4668-BE54-9A1E7A4F7556}") = "Longest Common Prefix", "Longest Common Prefix\Longest Common Prefix.csproj", "{76CF7D3E-DBE5-42DD-A356-3C651167A1D6}"
EndProject
Project("{9A19103F-16F7-4668-BE54-9A1E7A4F7556}") = "Valid Parentheses", "Valid Parentheses\Valid Parentheses.csproj", "{06BC490F-6EFB-4F1E-A0E9-7D1176994EDA}"
EndProject
Project("{9A19103F-16F7-4668-BE54-9A1E7A4F7556}") = "Merge Two Sorted Lists", "Merge Two Sorted Lists\Merge Two Sorted Lists.csproj", "{20113039-3D6A-4F8A-8615-582FD8AA1EE5}"
EndProject
Project("{9A19103F-16F7-4668-BE54-9A1E7A4F7556}") = "Count Frequencies", "Count Frequencies\Count Frequencies.csproj", "{7E808F49-B7BC-4C98-979F-EFA899DA7B9B}"
EndProject
Project("{9A19103F-16F7-4668-BE54-9A1E7A4F7556}") = "Remove Duplicates", "Remove Duplicates\Remove Duplicates.csproj", "{407ED36D-63E3-4B3F-96D8-6985D7BE61E0}"
EndProject
Project("{9A19103F-16F7-4668-BE54-9A1E7A4F7556}") = "Remove Element", "Remove Element\Remove Element.csproj", "{62D5D573-CC65-43D5-8FC8-F25791B67A90}"
EndProject
Project("{9A19103F-16F7-4668-BE54-9A1E7A4F7556}") = "Implement strStr", "Implement strStr\Implement strStr.csproj", "{CAEB3C3A-AB16-4E51-8861-A3FCC54096D5}"
EndProject
Project("{9A19103F-16F7-4668-BE54-9A1E7A4F7556}") = "Design Hasing Set", "Design Hasing Set\Design Hasing Set.csproj", "{21AD3DFC-4B17-4824-A923-763A10E6C044}"
EndProject
Project("{9A19103F-16F7-4668-BE54-9A1E7A4F7556}") = "Search Insert", "Search Insert\Search Insert.csproj", "{C6983716-CB55-4C37-AC22-0B01344D539B}"
EndProject
Project("{9A19103F-16F7-4668-BE54-9A1E7A4F7556}") = "Design HashMap", "Design HashMap\Design HashMap.csproj", "{C03DBBDD-380C-4274-AFE3-5458D06322C3}"
EndProject
Project("{9A19103F-16F7-4668-BE54-9A1E7A4F7556}") = "Max Sub Array", "Max Sub Array\Max Sub Array.csproj", "{B9208946-0D22-400C-A9FF-A1EFFD5E7106}"
EndProject
Project("{9A19103F-16F7-4668-BE54-9A1E7A4F7556}") = "Length of Last Word", "Length of Last Word\Length of Last Word.csproj", "{44521C07-78F9-42AC-A04A-CA4E4B1F16A5}"
EndProject
Project("{9A19103F-16F7-4668-BE54-9A1E7A4F7556}") = "Plus One", "Plus One\Plus One.csproj", "{69E0E29F-5F1C-461A-9BB4-EB7A241D145B}"
EndProject
Project("{9A19103F-16F7-4668-BE54-9A1E7A4F7556}") = "Add Binary", "Add Binary\Add Binary.csproj", "{2F9F8956-2364-4DA1-8A58-B48CFA8DCF2A}"
EndProject
Project("{9A19103F-16F7-4668-BE54-9A1E7A4F7556}") = "Sqrt(x)", "Sqrt(x)\Sqrt(x).csproj", "{F54765C4-CFCD-4749-9EC1-007534C4B731}"
EndProject
Project("{9A19103F-16F7-4668-BE54-9A1E7A4F7556}") = "Climb Stairs", "Climb Stairs\Climb Stairs.csproj", "{504BDCD4-1F8E-4AEF-9EDD-F3320583F15E}"
EndProject
Project("{9A19103F-16F7-4668-BE54-9A1E7A4F7556}") = "Remove Duplicates from Sorted List", "Remove Duplicates from Sorted List\Remove Duplicates from Sorted List.csproj", "{03EC0C69-D015-466E-A647-7734B5BDE53F}"
EndProject
Project("{9A19103F-16F7-4668-BE54-9A1E7A4F7556}") = "Merge Sorted Array", "Merge Sorted Array\Merge Sorted Array.csproj", "{942435ED-AB6D-4356-B852-FABFE7E3FC5B}"
EndProject
Project("{9A19103F-16F7-4668-BE54-9A1E7A4F7556}") = "Binary_Tree Inorder Traversal", "Binary_Tree Inorder Traversal\Binary_Tree Inorder Traversal.csproj", "{E4C4208B-ED88-4EC4-8731-9E914ED21D73}"
EndProject
Project("{9A19103F-16F7-4668-BE54-9A1E7A4F7556}") = "Sort Array By Parity", "Sort Array By Parity\Sort Array By Parity.csproj", "{A8928D82-D976-4F2D-A603-5915E9E0DE79}"
EndProject
Project("{9A19103F-16F7-4668-BE54-9A1E7A4F7556}") = "Is Same Tree", "Is Same Tree\Is Same Tree.csproj", "{16B314BA-4790-4D02-A451-58C874575922}"
EndProject
Project("{9A19103F-16F7-4668-BE54-9A1E7A4F7556}") = "Implement Stack using Queues", "Implement Stack using Queues\Implement Stack using Queues.csproj", "{A0EBB611-F618-4735-A729-279A12B2303B}"
EndProject
Project("{9A19103F-16F7-4668-BE54-9A1E7A4F7556}") = "Binary Tree Postorder Traversal", "Binary Tree Postorder Traversal\Binary Tree Postorder Traversal.csproj", "{B7C6B07A-EE4C-4612-B6D9-2BA58F2449C2}"
EndProject
Project("{9A19103F-16F7-4668-BE54-9A1E7A4F7556}") = "Remove All Adjacent Duplicates in String II", "Remove All Adjacent Duplicates in String II\Remove All Adjacent Duplicates in String II.csproj", "{38A4AE72-8B47-4ACF-9A34-143864A0DD3F}"
EndProject
Project("{9A19103F-16F7-4668-BE54-9A1E7A4F7556}") = "Is Symmetric", "Is Symmetric\Is Symmetric.csproj", "{CDC132E4-67DD-40BF-8E34-2B012CC09195}"
EndProject
Project("{9A19103F-16F7-4668-BE54-9A1E7A4F7556}") = "Intersection of Two Linked Lists", "Intersection of Two Linked Lists\Intersection of Two Linked Lists.csproj", "{4C9267F4-C009-45A3-A09B-AACA1DE1A461}"
EndProject
Project("{9A19103F-16F7-4668-BE54-9A1E7A4F7556}") = "Maximum Depth of Binary Tree", "Maximum Depth of Binary Tree\Maximum Depth of Binary Tree.csproj", "{9BAB0DFD-41C3-4473-9AE5-E1F2A08B6CA1}"
EndProject
Project("{9A19103F-16F7-4668-BE54-9A1E7A4F7556}") = "Convert Sorted Array to Binary Search Tree", "Convert Sorted Array to Binary Search Tree\Convert Sorted Array to Binary Search Tree.csproj", "{9724BAE9-5ACD-470F-9985-9F243AE87F18}"
EndProject
Project("{9A19103F-16F7-4668-BE54-9A1E7A4F7556}") = "JudgeCircle", "JudgeCircle\JudgeCircle.csproj", "{360C43C0-17DE-4438-B1CB-CEC7E213DCF3}"
EndProject
Project("{9A19103F-16F7-4668-BE54-9A1E7A4F7556}") = "Hamming Weight", "Hamming Weight\Hamming Weight.csproj", "{56681DAF-5A54-4FFB-A90E-BD1164D33B4D}"
EndProject
Project("{9A19103F-16F7-4668-BE54-9A1E7A4F7556}") = "reverse Bits", "reverse Bits\reverse Bits.csproj", "{613848F8-D09B-437C-BB82-BEE7779B9439}"
EndProject
Project("{9A19103F-16F7-4668-BE54-9A1E7A4F7556}") = "Has Path Sum", "Has Path Sum\Has Path Sum.csproj", "{B490432F-C962-4A7E-B93F-B817DA979BA0}"
EndProject
Project("{9A19103F-16F7-4668-BE54-9A1E7A4F7556}") = "Cells In Range", "Cells In Range\Cells In Range.csproj", "{C1F09B8F-5B76-4FDD-9990-49D681FD358E}"
EndProject
Project("{9A19103F-16F7-4668-BE54-9A1E7A4F7556}") = "Find K Distant Indices", "Find K Distant Indices\Find K Distant Indices.csproj", "{9216D39B-7368-43DA-A76F-AFD677338FE7}"
EndProject
Project("{9A19103F-16F7-4668-BE54-9A1E7A4F7556}") = "IsPalindrome", "IsPalindrome\IsPalindrome.csproj", "{2CC5939C-1125-4A69-A6AD-DA2A34B9B953}"
EndProject
Project("{9A19103F-16F7-4668-BE54-9A1E7A4F7556}") = "AddDigits", "AddDigits\AddDigits.csproj", "{6E351ED3-71F7-43AA-A095-E89649E09D08}"
EndProject
Project("{9A19103F-16F7-4668-BE54-9A1E7A4F7556}") = "Max Profit", "Max Profit\Max Profit.csproj", "{18E93DB2-3B20-445F-9F6E-EF5E5C315A80}"
EndProject
Project("{FAE04EC0-301F-11D3-BF4B-00C04F79EFBC}") = "third distinct maximum", "third distinct maximum\third distinct maximum.csproj", "{5DCDFE28-8176-4C49-939F-656CF228AD61}"
EndProject
Global
	GlobalSection(SolutionConfigurationPlatforms) = preSolution
		Debug|Any CPU = Debug|Any CPU
		Release|Any CPU = Release|Any CPU
	EndGlobalSection
	GlobalSection(ProjectConfigurationPlatforms) = postSolution
		{1F8C5E8D-EDC2-4A02-80DA-2E4652FF9F08}.Debug|Any CPU.ActiveCfg = Debug|Any CPU
		{1F8C5E8D-EDC2-4A02-80DA-2E4652FF9F08}.Debug|Any CPU.Build.0 = Debug|Any CPU
		{1F8C5E8D-EDC2-4A02-80DA-2E4652FF9F08}.Release|Any CPU.ActiveCfg = Release|Any CPU
		{1F8C5E8D-EDC2-4A02-80DA-2E4652FF9F08}.Release|Any CPU.Build.0 = Release|Any CPU
		{A72F6594-B8D5-44A8-A350-C5853FE34563}.Debug|Any CPU.ActiveCfg = Debug|Any CPU
		{A72F6594-B8D5-44A8-A350-C5853FE34563}.Debug|Any CPU.Build.0 = Debug|Any CPU
		{A72F6594-B8D5-44A8-A350-C5853FE34563}.Release|Any CPU.ActiveCfg = Release|Any CPU
		{A72F6594-B8D5-44A8-A350-C5853FE34563}.Release|Any CPU.Build.0 = Release|Any CPU
		{BAA8DCE7-1C4A-42B5-910A-63D7E2C4B010}.Debug|Any CPU.ActiveCfg = Debug|Any CPU
		{BAA8DCE7-1C4A-42B5-910A-63D7E2C4B010}.Debug|Any CPU.Build.0 = Debug|Any CPU
		{BAA8DCE7-1C4A-42B5-910A-63D7E2C4B010}.Release|Any CPU.ActiveCfg = Release|Any CPU
		{BAA8DCE7-1C4A-42B5-910A-63D7E2C4B010}.Release|Any CPU.Build.0 = Release|Any CPU
		{B2F81E6B-26FE-49C6-B7FF-3002DB55E680}.Debug|Any CPU.ActiveCfg = Debug|Any CPU
		{B2F81E6B-26FE-49C6-B7FF-3002DB55E680}.Debug|Any CPU.Build.0 = Debug|Any CPU
		{B2F81E6B-26FE-49C6-B7FF-3002DB55E680}.Release|Any CPU.ActiveCfg = Release|Any CPU
		{B2F81E6B-26FE-49C6-B7FF-3002DB55E680}.Release|Any CPU.Build.0 = Release|Any CPU
		{1A582562-8901-42BF-A188-EB807F6AEF91}.Debug|Any CPU.ActiveCfg = Debug|Any CPU
		{1A582562-8901-42BF-A188-EB807F6AEF91}.Debug|Any CPU.Build.0 = Debug|Any CPU
		{1A582562-8901-42BF-A188-EB807F6AEF91}.Release|Any CPU.ActiveCfg = Release|Any CPU
		{1A582562-8901-42BF-A188-EB807F6AEF91}.Release|Any CPU.Build.0 = Release|Any CPU
		{578B436F-0448-41AE-827E-BA55BB09A1E3}.Debug|Any CPU.ActiveCfg = Debug|Any CPU
		{578B436F-0448-41AE-827E-BA55BB09A1E3}.Debug|Any CPU.Build.0 = Debug|Any CPU
		{578B436F-0448-41AE-827E-BA55BB09A1E3}.Release|Any CPU.ActiveCfg = Release|Any CPU
		{578B436F-0448-41AE-827E-BA55BB09A1E3}.Release|Any CPU.Build.0 = Release|Any CPU
		{755840E7-9A13-4CE0-BEF4-FB038FBE75D2}.Debug|Any CPU.ActiveCfg = Debug|Any CPU
		{755840E7-9A13-4CE0-BEF4-FB038FBE75D2}.Debug|Any CPU.Build.0 = Debug|Any CPU
		{755840E7-9A13-4CE0-BEF4-FB038FBE75D2}.Release|Any CPU.ActiveCfg = Release|Any CPU
		{755840E7-9A13-4CE0-BEF4-FB038FBE75D2}.Release|Any CPU.Build.0 = Release|Any CPU
		{C3E02732-3989-410D-9EC0-23A6A38E3C9E}.Debug|Any CPU.ActiveCfg = Debug|Any CPU
		{C3E02732-3989-410D-9EC0-23A6A38E3C9E}.Debug|Any CPU.Build.0 = Debug|Any CPU
		{C3E02732-3989-410D-9EC0-23A6A38E3C9E}.Release|Any CPU.ActiveCfg = Release|Any CPU
		{C3E02732-3989-410D-9EC0-23A6A38E3C9E}.Release|Any CPU.Build.0 = Release|Any CPU
		{B6485528-7D8D-4619-9190-A33CEEC5C72C}.Debug|Any CPU.ActiveCfg = Debug|Any CPU
		{B6485528-7D8D-4619-9190-A33CEEC5C72C}.Debug|Any CPU.Build.0 = Debug|Any CPU
		{B6485528-7D8D-4619-9190-A33CEEC5C72C}.Release|Any CPU.ActiveCfg = Release|Any CPU
		{B6485528-7D8D-4619-9190-A33CEEC5C72C}.Release|Any CPU.Build.0 = Release|Any CPU
		{BA668DC3-5BEC-47E4-BC10-266D09E5396D}.Debug|Any CPU.ActiveCfg = Debug|Any CPU
		{BA668DC3-5BEC-47E4-BC10-266D09E5396D}.Debug|Any CPU.Build.0 = Debug|Any CPU
		{BA668DC3-5BEC-47E4-BC10-266D09E5396D}.Release|Any CPU.ActiveCfg = Release|Any CPU
		{BA668DC3-5BEC-47E4-BC10-266D09E5396D}.Release|Any CPU.Build.0 = Release|Any CPU
		{D4AB19D3-8D64-4BAE-9C51-FCE999C068A1}.Debug|Any CPU.ActiveCfg = Debug|Any CPU
		{D4AB19D3-8D64-4BAE-9C51-FCE999C068A1}.Debug|Any CPU.Build.0 = Debug|Any CPU
		{D4AB19D3-8D64-4BAE-9C51-FCE999C068A1}.Release|Any CPU.ActiveCfg = Release|Any CPU
		{D4AB19D3-8D64-4BAE-9C51-FCE999C068A1}.Release|Any CPU.Build.0 = Release|Any CPU
		{6D4FEAD3-4EC0-4ADE-8626-A63897EDC6E4}.Debug|Any CPU.ActiveCfg = Debug|Any CPU
		{6D4FEAD3-4EC0-4ADE-8626-A63897EDC6E4}.Debug|Any CPU.Build.0 = Debug|Any CPU
		{6D4FEAD3-4EC0-4ADE-8626-A63897EDC6E4}.Release|Any CPU.ActiveCfg = Release|Any CPU
		{6D4FEAD3-4EC0-4ADE-8626-A63897EDC6E4}.Release|Any CPU.Build.0 = Release|Any CPU
		{76CF7D3E-DBE5-42DD-A356-3C651167A1D6}.Debug|Any CPU.ActiveCfg = Debug|Any CPU
		{76CF7D3E-DBE5-42DD-A356-3C651167A1D6}.Debug|Any CPU.Build.0 = Debug|Any CPU
		{76CF7D3E-DBE5-42DD-A356-3C651167A1D6}.Release|Any CPU.ActiveCfg = Release|Any CPU
		{76CF7D3E-DBE5-42DD-A356-3C651167A1D6}.Release|Any CPU.Build.0 = Release|Any CPU
		{06BC490F-6EFB-4F1E-A0E9-7D1176994EDA}.Debug|Any CPU.ActiveCfg = Debug|Any CPU
		{06BC490F-6EFB-4F1E-A0E9-7D1176994EDA}.Debug|Any CPU.Build.0 = Debug|Any CPU
		{06BC490F-6EFB-4F1E-A0E9-7D1176994EDA}.Release|Any CPU.ActiveCfg = Release|Any CPU
		{06BC490F-6EFB-4F1E-A0E9-7D1176994EDA}.Release|Any CPU.Build.0 = Release|Any CPU
		{20113039-3D6A-4F8A-8615-582FD8AA1EE5}.Debug|Any CPU.ActiveCfg = Debug|Any CPU
		{20113039-3D6A-4F8A-8615-582FD8AA1EE5}.Debug|Any CPU.Build.0 = Debug|Any CPU
		{20113039-3D6A-4F8A-8615-582FD8AA1EE5}.Release|Any CPU.ActiveCfg = Release|Any CPU
		{20113039-3D6A-4F8A-8615-582FD8AA1EE5}.Release|Any CPU.Build.0 = Release|Any CPU
		{7E808F49-B7BC-4C98-979F-EFA899DA7B9B}.Debug|Any CPU.ActiveCfg = Debug|Any CPU
		{7E808F49-B7BC-4C98-979F-EFA899DA7B9B}.Debug|Any CPU.Build.0 = Debug|Any CPU
		{7E808F49-B7BC-4C98-979F-EFA899DA7B9B}.Release|Any CPU.ActiveCfg = Release|Any CPU
		{7E808F49-B7BC-4C98-979F-EFA899DA7B9B}.Release|Any CPU.Build.0 = Release|Any CPU
		{407ED36D-63E3-4B3F-96D8-6985D7BE61E0}.Debug|Any CPU.ActiveCfg = Debug|Any CPU
		{407ED36D-63E3-4B3F-96D8-6985D7BE61E0}.Debug|Any CPU.Build.0 = Debug|Any CPU
		{407ED36D-63E3-4B3F-96D8-6985D7BE61E0}.Release|Any CPU.ActiveCfg = Release|Any CPU
		{407ED36D-63E3-4B3F-96D8-6985D7BE61E0}.Release|Any CPU.Build.0 = Release|Any CPU
		{62D5D573-CC65-43D5-8FC8-F25791B67A90}.Debug|Any CPU.ActiveCfg = Debug|Any CPU
		{62D5D573-CC65-43D5-8FC8-F25791B67A90}.Debug|Any CPU.Build.0 = Debug|Any CPU
		{62D5D573-CC65-43D5-8FC8-F25791B67A90}.Release|Any CPU.ActiveCfg = Release|Any CPU
		{62D5D573-CC65-43D5-8FC8-F25791B67A90}.Release|Any CPU.Build.0 = Release|Any CPU
		{CAEB3C3A-AB16-4E51-8861-A3FCC54096D5}.Debug|Any CPU.ActiveCfg = Debug|Any CPU
		{CAEB3C3A-AB16-4E51-8861-A3FCC54096D5}.Debug|Any CPU.Build.0 = Debug|Any CPU
		{CAEB3C3A-AB16-4E51-8861-A3FCC54096D5}.Release|Any CPU.ActiveCfg = Release|Any CPU
		{CAEB3C3A-AB16-4E51-8861-A3FCC54096D5}.Release|Any CPU.Build.0 = Release|Any CPU
		{21AD3DFC-4B17-4824-A923-763A10E6C044}.Debug|Any CPU.ActiveCfg = Debug|Any CPU
		{21AD3DFC-4B17-4824-A923-763A10E6C044}.Debug|Any CPU.Build.0 = Debug|Any CPU
		{21AD3DFC-4B17-4824-A923-763A10E6C044}.Release|Any CPU.ActiveCfg = Release|Any CPU
		{21AD3DFC-4B17-4824-A923-763A10E6C044}.Release|Any CPU.Build.0 = Release|Any CPU
		{C6983716-CB55-4C37-AC22-0B01344D539B}.Debug|Any CPU.ActiveCfg = Debug|Any CPU
		{C6983716-CB55-4C37-AC22-0B01344D539B}.Debug|Any CPU.Build.0 = Debug|Any CPU
		{C6983716-CB55-4C37-AC22-0B01344D539B}.Release|Any CPU.ActiveCfg = Release|Any CPU
		{C6983716-CB55-4C37-AC22-0B01344D539B}.Release|Any CPU.Build.0 = Release|Any CPU
		{C03DBBDD-380C-4274-AFE3-5458D06322C3}.Debug|Any CPU.ActiveCfg = Debug|Any CPU
		{C03DBBDD-380C-4274-AFE3-5458D06322C3}.Debug|Any CPU.Build.0 = Debug|Any CPU
		{C03DBBDD-380C-4274-AFE3-5458D06322C3}.Release|Any CPU.ActiveCfg = Release|Any CPU
		{C03DBBDD-380C-4274-AFE3-5458D06322C3}.Release|Any CPU.Build.0 = Release|Any CPU
		{B9208946-0D22-400C-A9FF-A1EFFD5E7106}.Debug|Any CPU.ActiveCfg = Debug|Any CPU
		{B9208946-0D22-400C-A9FF-A1EFFD5E7106}.Debug|Any CPU.Build.0 = Debug|Any CPU
		{B9208946-0D22-400C-A9FF-A1EFFD5E7106}.Release|Any CPU.ActiveCfg = Release|Any CPU
		{B9208946-0D22-400C-A9FF-A1EFFD5E7106}.Release|Any CPU.Build.0 = Release|Any CPU
		{44521C07-78F9-42AC-A04A-CA4E4B1F16A5}.Debug|Any CPU.ActiveCfg = Debug|Any CPU
		{44521C07-78F9-42AC-A04A-CA4E4B1F16A5}.Debug|Any CPU.Build.0 = Debug|Any CPU
		{44521C07-78F9-42AC-A04A-CA4E4B1F16A5}.Release|Any CPU.ActiveCfg = Release|Any CPU
		{44521C07-78F9-42AC-A04A-CA4E4B1F16A5}.Release|Any CPU.Build.0 = Release|Any CPU
		{69E0E29F-5F1C-461A-9BB4-EB7A241D145B}.Debug|Any CPU.ActiveCfg = Debug|Any CPU
		{69E0E29F-5F1C-461A-9BB4-EB7A241D145B}.Debug|Any CPU.Build.0 = Debug|Any CPU
		{69E0E29F-5F1C-461A-9BB4-EB7A241D145B}.Release|Any CPU.ActiveCfg = Release|Any CPU
		{69E0E29F-5F1C-461A-9BB4-EB7A241D145B}.Release|Any CPU.Build.0 = Release|Any CPU
		{2F9F8956-2364-4DA1-8A58-B48CFA8DCF2A}.Debug|Any CPU.ActiveCfg = Debug|Any CPU
		{2F9F8956-2364-4DA1-8A58-B48CFA8DCF2A}.Debug|Any CPU.Build.0 = Debug|Any CPU
		{2F9F8956-2364-4DA1-8A58-B48CFA8DCF2A}.Release|Any CPU.ActiveCfg = Release|Any CPU
		{2F9F8956-2364-4DA1-8A58-B48CFA8DCF2A}.Release|Any CPU.Build.0 = Release|Any CPU
		{F54765C4-CFCD-4749-9EC1-007534C4B731}.Debug|Any CPU.ActiveCfg = Debug|Any CPU
		{F54765C4-CFCD-4749-9EC1-007534C4B731}.Debug|Any CPU.Build.0 = Debug|Any CPU
		{F54765C4-CFCD-4749-9EC1-007534C4B731}.Release|Any CPU.ActiveCfg = Release|Any CPU
		{F54765C4-CFCD-4749-9EC1-007534C4B731}.Release|Any CPU.Build.0 = Release|Any CPU
		{504BDCD4-1F8E-4AEF-9EDD-F3320583F15E}.Debug|Any CPU.ActiveCfg = Debug|Any CPU
		{504BDCD4-1F8E-4AEF-9EDD-F3320583F15E}.Debug|Any CPU.Build.0 = Debug|Any CPU
		{504BDCD4-1F8E-4AEF-9EDD-F3320583F15E}.Release|Any CPU.ActiveCfg = Release|Any CPU
		{504BDCD4-1F8E-4AEF-9EDD-F3320583F15E}.Release|Any CPU.Build.0 = Release|Any CPU
		{03EC0C69-D015-466E-A647-7734B5BDE53F}.Debug|Any CPU.ActiveCfg = Debug|Any CPU
		{03EC0C69-D015-466E-A647-7734B5BDE53F}.Debug|Any CPU.Build.0 = Debug|Any CPU
		{03EC0C69-D015-466E-A647-7734B5BDE53F}.Release|Any CPU.ActiveCfg = Release|Any CPU
		{03EC0C69-D015-466E-A647-7734B5BDE53F}.Release|Any CPU.Build.0 = Release|Any CPU
		{942435ED-AB6D-4356-B852-FABFE7E3FC5B}.Debug|Any CPU.ActiveCfg = Debug|Any CPU
		{942435ED-AB6D-4356-B852-FABFE7E3FC5B}.Debug|Any CPU.Build.0 = Debug|Any CPU
		{942435ED-AB6D-4356-B852-FABFE7E3FC5B}.Release|Any CPU.ActiveCfg = Release|Any CPU
		{942435ED-AB6D-4356-B852-FABFE7E3FC5B}.Release|Any CPU.Build.0 = Release|Any CPU
		{E4C4208B-ED88-4EC4-8731-9E914ED21D73}.Debug|Any CPU.ActiveCfg = Debug|Any CPU
		{E4C4208B-ED88-4EC4-8731-9E914ED21D73}.Debug|Any CPU.Build.0 = Debug|Any CPU
		{E4C4208B-ED88-4EC4-8731-9E914ED21D73}.Release|Any CPU.ActiveCfg = Release|Any CPU
		{E4C4208B-ED88-4EC4-8731-9E914ED21D73}.Release|Any CPU.Build.0 = Release|Any CPU
		{A8928D82-D976-4F2D-A603-5915E9E0DE79}.Debug|Any CPU.ActiveCfg = Debug|Any CPU
		{A8928D82-D976-4F2D-A603-5915E9E0DE79}.Debug|Any CPU.Build.0 = Debug|Any CPU
		{A8928D82-D976-4F2D-A603-5915E9E0DE79}.Release|Any CPU.ActiveCfg = Release|Any CPU
		{A8928D82-D976-4F2D-A603-5915E9E0DE79}.Release|Any CPU.Build.0 = Release|Any CPU
		{16B314BA-4790-4D02-A451-58C874575922}.Debug|Any CPU.ActiveCfg = Debug|Any CPU
		{16B314BA-4790-4D02-A451-58C874575922}.Debug|Any CPU.Build.0 = Debug|Any CPU
		{16B314BA-4790-4D02-A451-58C874575922}.Release|Any CPU.ActiveCfg = Release|Any CPU
		{16B314BA-4790-4D02-A451-58C874575922}.Release|Any CPU.Build.0 = Release|Any CPU
		{A0EBB611-F618-4735-A729-279A12B2303B}.Debug|Any CPU.ActiveCfg = Debug|Any CPU
		{A0EBB611-F618-4735-A729-279A12B2303B}.Debug|Any CPU.Build.0 = Debug|Any CPU
		{A0EBB611-F618-4735-A729-279A12B2303B}.Release|Any CPU.ActiveCfg = Release|Any CPU
		{A0EBB611-F618-4735-A729-279A12B2303B}.Release|Any CPU.Build.0 = Release|Any CPU
		{B7C6B07A-EE4C-4612-B6D9-2BA58F2449C2}.Debug|Any CPU.ActiveCfg = Debug|Any CPU
		{B7C6B07A-EE4C-4612-B6D9-2BA58F2449C2}.Debug|Any CPU.Build.0 = Debug|Any CPU
		{B7C6B07A-EE4C-4612-B6D9-2BA58F2449C2}.Release|Any CPU.ActiveCfg = Release|Any CPU
		{B7C6B07A-EE4C-4612-B6D9-2BA58F2449C2}.Release|Any CPU.Build.0 = Release|Any CPU
		{38A4AE72-8B47-4ACF-9A34-143864A0DD3F}.Debug|Any CPU.ActiveCfg = Debug|Any CPU
		{38A4AE72-8B47-4ACF-9A34-143864A0DD3F}.Debug|Any CPU.Build.0 = Debug|Any CPU
		{38A4AE72-8B47-4ACF-9A34-143864A0DD3F}.Release|Any CPU.ActiveCfg = Release|Any CPU
		{38A4AE72-8B47-4ACF-9A34-143864A0DD3F}.Release|Any CPU.Build.0 = Release|Any CPU
		{CDC132E4-67DD-40BF-8E34-2B012CC09195}.Debug|Any CPU.ActiveCfg = Debug|Any CPU
		{CDC132E4-67DD-40BF-8E34-2B012CC09195}.Debug|Any CPU.Build.0 = Debug|Any CPU
		{CDC132E4-67DD-40BF-8E34-2B012CC09195}.Release|Any CPU.ActiveCfg = Release|Any CPU
		{CDC132E4-67DD-40BF-8E34-2B012CC09195}.Release|Any CPU.Build.0 = Release|Any CPU
		{4C9267F4-C009-45A3-A09B-AACA1DE1A461}.Debug|Any CPU.ActiveCfg = Debug|Any CPU
		{4C9267F4-C009-45A3-A09B-AACA1DE1A461}.Debug|Any CPU.Build.0 = Debug|Any CPU
		{4C9267F4-C009-45A3-A09B-AACA1DE1A461}.Release|Any CPU.ActiveCfg = Release|Any CPU
		{4C9267F4-C009-45A3-A09B-AACA1DE1A461}.Release|Any CPU.Build.0 = Release|Any CPU
		{9BAB0DFD-41C3-4473-9AE5-E1F2A08B6CA1}.Debug|Any CPU.ActiveCfg = Debug|Any CPU
		{9BAB0DFD-41C3-4473-9AE5-E1F2A08B6CA1}.Debug|Any CPU.Build.0 = Debug|Any CPU
		{9BAB0DFD-41C3-4473-9AE5-E1F2A08B6CA1}.Release|Any CPU.ActiveCfg = Release|Any CPU
		{9BAB0DFD-41C3-4473-9AE5-E1F2A08B6CA1}.Release|Any CPU.Build.0 = Release|Any CPU
		{9724BAE9-5ACD-470F-9985-9F243AE87F18}.Debug|Any CPU.ActiveCfg = Debug|Any CPU
		{9724BAE9-5ACD-470F-9985-9F243AE87F18}.Debug|Any CPU.Build.0 = Debug|Any CPU
		{9724BAE9-5ACD-470F-9985-9F243AE87F18}.Release|Any CPU.ActiveCfg = Release|Any CPU
		{9724BAE9-5ACD-470F-9985-9F243AE87F18}.Release|Any CPU.Build.0 = Release|Any CPU
		{360C43C0-17DE-4438-B1CB-CEC7E213DCF3}.Debug|Any CPU.ActiveCfg = Debug|Any CPU
		{360C43C0-17DE-4438-B1CB-CEC7E213DCF3}.Debug|Any CPU.Build.0 = Debug|Any CPU
		{360C43C0-17DE-4438-B1CB-CEC7E213DCF3}.Release|Any CPU.ActiveCfg = Release|Any CPU
		{360C43C0-17DE-4438-B1CB-CEC7E213DCF3}.Release|Any CPU.Build.0 = Release|Any CPU
		{56681DAF-5A54-4FFB-A90E-BD1164D33B4D}.Debug|Any CPU.ActiveCfg = Debug|Any CPU
		{56681DAF-5A54-4FFB-A90E-BD1164D33B4D}.Debug|Any CPU.Build.0 = Debug|Any CPU
		{56681DAF-5A54-4FFB-A90E-BD1164D33B4D}.Release|Any CPU.ActiveCfg = Release|Any CPU
		{56681DAF-5A54-4FFB-A90E-BD1164D33B4D}.Release|Any CPU.Build.0 = Release|Any CPU
		{613848F8-D09B-437C-BB82-BEE7779B9439}.Debug|Any CPU.ActiveCfg = Debug|Any CPU
		{613848F8-D09B-437C-BB82-BEE7779B9439}.Debug|Any CPU.Build.0 = Debug|Any CPU
		{613848F8-D09B-437C-BB82-BEE7779B9439}.Release|Any CPU.ActiveCfg = Release|Any CPU
		{613848F8-D09B-437C-BB82-BEE7779B9439}.Release|Any CPU.Build.0 = Release|Any CPU
		{B490432F-C962-4A7E-B93F-B817DA979BA0}.Debug|Any CPU.ActiveCfg = Debug|Any CPU
		{B490432F-C962-4A7E-B93F-B817DA979BA0}.Debug|Any CPU.Build.0 = Debug|Any CPU
		{B490432F-C962-4A7E-B93F-B817DA979BA0}.Release|Any CPU.ActiveCfg = Release|Any CPU
		{B490432F-C962-4A7E-B93F-B817DA979BA0}.Release|Any CPU.Build.0 = Release|Any CPU
		{C1F09B8F-5B76-4FDD-9990-49D681FD358E}.Debug|Any CPU.ActiveCfg = Debug|Any CPU
		{C1F09B8F-5B76-4FDD-9990-49D681FD358E}.Debug|Any CPU.Build.0 = Debug|Any CPU
		{C1F09B8F-5B76-4FDD-9990-49D681FD358E}.Release|Any CPU.ActiveCfg = Release|Any CPU
		{C1F09B8F-5B76-4FDD-9990-49D681FD358E}.Release|Any CPU.Build.0 = Release|Any CPU
		{9216D39B-7368-43DA-A76F-AFD677338FE7}.Debug|Any CPU.ActiveCfg = Debug|Any CPU
		{9216D39B-7368-43DA-A76F-AFD677338FE7}.Debug|Any CPU.Build.0 = Debug|Any CPU
		{9216D39B-7368-43DA-A76F-AFD677338FE7}.Release|Any CPU.ActiveCfg = Release|Any CPU
		{9216D39B-7368-43DA-A76F-AFD677338FE7}.Release|Any CPU.Build.0 = Release|Any CPU
		{2CC5939C-1125-4A69-A6AD-DA2A34B9B953}.Debug|Any CPU.ActiveCfg = Debug|Any CPU
		{2CC5939C-1125-4A69-A6AD-DA2A34B9B953}.Debug|Any CPU.Build.0 = Debug|Any CPU
		{2CC5939C-1125-4A69-A6AD-DA2A34B9B953}.Release|Any CPU.ActiveCfg = Release|Any CPU
		{2CC5939C-1125-4A69-A6AD-DA2A34B9B953}.Release|Any CPU.Build.0 = Release|Any CPU
		{6E351ED3-71F7-43AA-A095-E89649E09D08}.Debug|Any CPU.ActiveCfg = Debug|Any CPU
		{6E351ED3-71F7-43AA-A095-E89649E09D08}.Debug|Any CPU.Build.0 = Debug|Any CPU
		{6E351ED3-71F7-43AA-A095-E89649E09D08}.Release|Any CPU.ActiveCfg = Release|Any CPU
		{6E351ED3-71F7-43AA-A095-E89649E09D08}.Release|Any CPU.Build.0 = Release|Any CPU
		{18E93DB2-3B20-445F-9F6E-EF5E5C315A80}.Debug|Any CPU.ActiveCfg = Debug|Any CPU
		{18E93DB2-3B20-445F-9F6E-EF5E5C315A80}.Debug|Any CPU.Build.0 = Debug|Any CPU
		{18E93DB2-3B20-445F-9F6E-EF5E5C315A80}.Release|Any CPU.ActiveCfg = Release|Any CPU
		{18E93DB2-3B20-445F-9F6E-EF5E5C315A80}.Release|Any CPU.Build.0 = Release|Any CPU
		{5DCDFE28-8176-4C49-939F-656CF228AD61}.Debug|Any CPU.ActiveCfg = Debug|Any CPU
		{5DCDFE28-8176-4C49-939F-656CF228AD61}.Debug|Any CPU.Build.0 = Debug|Any CPU
		{5DCDFE28-8176-4C49-939F-656CF228AD61}.Release|Any CPU.ActiveCfg = Release|Any CPU
		{5DCDFE28-8176-4C49-939F-656CF228AD61}.Release|Any CPU.Build.0 = Release|Any CPU
	EndGlobalSection
	GlobalSection(SolutionProperties) = preSolution
		HideSolutionNode = FALSE
	EndGlobalSection
	GlobalSection(ExtensibilityGlobals) = postSolution
		SolutionGuid = {DFB5D5E6-70D7-4911-8183-78D05848D2BA}
	EndGlobalSection
EndGlobal
