
Microsoft Visual Studio Solution File, Format Version 12.00
# Visual Studio Version 16
VisualStudioVersion = 16.0.31624.102
MinimumVisualStudioVersion = 10.0.40219.1
Project("{9A19103F-16F7-4668-BE54-9A1E7A4F7556}") = "Roman_to_Integer", "problem_solve_leetCode\Roman_to_Integer.csproj", "{1F8C5E8D-EDC2-4A02-80DA-2E4652FF9F08}"
EndProject
Project("{9A19103F-16F7-4668-BE54-9A1E7A4F7556}") = "Ransom Note", "Ransom Note\Ransom Note.csproj", "{A72F6594-B8D5-44A8-A350-C5853FE34563}"
EndProject
Project("{9A19103F-16F7-4668-BE54-9A1E7A4F7556}") = "Fizz Buzz", "Fizz Buzz\Fizz Buzz.csproj", "{BAA8DCE7-1C4A-42B5-910A-63D7E2C4B010}"
EndProject
Project("{9A19103F-16F7-4668-BE54-9A1E7A4F7556}") = "Palindrome Linked List", "Palindrome Linked List\Palindrome Linked List.csproj", "{B2F81E6B-26FE-49C6-B7FF-3002DB55E680}"
EndProject
Project("{9A19103F-16F7-4668-BE54-9A1E7A4F7556}") = "Middle of the Linked List", "Middle of the Linked List\Middle of the Linked List.csproj", "{1A582562-8901-42BF-A188-EB807F6AEF91}"
EndProject
Project("{9A19103F-16F7-4668-BE54-9A1E7A4F7556}") = "K Weakest Rows in a Matrix", "K Weakest Rows in a Matrix\K Weakest Rows in a Matrix.csproj", "{578B436F-0448-41AE-827E-BA55BB09A1E3}"
EndProject
Project("{9A19103F-16F7-4668-BE54-9A1E7A4F7556}") = "Number Of Steps", "Number Of Steps\Number Of Steps.csproj", "{755840E7-9A13-4CE0-BEF4-FB038FBE75D2}"
EndProject
Project("{9A19103F-16F7-4668-BE54-9A1E7A4F7556}") = "Maximum Wealth", "Maximum Wealth\Maximum Wealth.csproj", "{C3E02732-3989-410D-9EC0-23A6A38E3C9E}"
EndProject
Project("{9A19103F-16F7-4668-BE54-9A1E7A4F7556}") = "Baseball Game", "Baseball Game\Baseball Game.csproj", "{B6485528-7D8D-4619-9190-A33CEEC5C72C}"
EndProject
Project("{9A19103F-16F7-4668-BE54-9A1E7A4F7556}") = "Shift 2D Grid", "Shift 2D Grid\Shift 2D Grid.csproj", "{BA668DC3-5BEC-47E4-BC10-266D09E5396D}"
EndProject
Project("{9A19103F-16F7-4668-BE54-9A1E7A4F7556}") = "Two Sum", "Two Sum\Two Sum.csproj", "{D4AB19D3-8D64-4BAE-9C51-FCE999C068A1}"
EndProject
Project("{9A19103F-16F7-4668-BE54-9A1E7A4F7556}") = "Palindrome Number", "Palindrome Number\Palindrome Number.csproj", "{6D4FEAD3-4EC0-4ADE-8626-A63897EDC6E4}"
EndProject
Project("{9A19103F-16F7-4668-BE54-9A1E7A4F7556}") = "Longest Common Prefix", "Longest Common Prefix\Longest Common Prefix.csproj", "{76CF7D3E-DBE5-42DD-A356-3C651167A1D6}"
EndProject
Project("{9A19103F-16F7-4668-BE54-9A1E7A4F7556}") = "Valid Parentheses", "Valid Parentheses\Valid Parentheses.csproj", "{06BC490F-6EFB-4F1E-A0E9-7D1176994EDA}"
EndProject
Project("{9A19103F-16F7-4668-BE54-9A1E7A4F7556}") = "Merge Two Sorted Lists", "Merge Two Sorted Lists\Merge Two Sorted Lists.csproj", "{20113039-3D6A-4F8A-8615-582FD8AA1EE5}"
EndProject
Project("{9A19103F-16F7-4668-BE54-9A1E7A4F7556}") = "Count Frequencies", "Count Frequencies\Count Frequencies.csproj", "{7E808F49-B7BC-4C98-979F-EFA899DA7B9B}"
EndProject
Project("{9A19103F-16F7-4668-BE54-9A1E7A4F7556}") = "Remove Duplicates", "Remove Duplicates\Remove Duplicates.csproj", "{407ED36D-63E3-4B3F-96D8-6985D7BE61E0}"
EndProject
Project("{FAE04EC0-301F-11D3-BF4B-00C04F79EFBC}") = "Remove Element", "Remove Element\Remove Element.csproj", "{62D5D573-CC65-43D5-8FC8-F25791B67A90}"
EndProject
Project("{FAE04EC0-301F-11D3-BF4B-00C04F79EFBC}") = "Implement strStr", "Implement strStr\Implement strStr.csproj", "{CAEB3C3A-AB16-4E51-8861-A3FCC54096D5}"
EndProject
Global
	GlobalSection(SolutionConfigurationPlatforms) = preSolution
		Debug|Any CPU = Debug|Any CPU
		Release|Any CPU = Release|Any CPU
	EndGlobalSection
	GlobalSection(ProjectConfigurationPlatforms) = postSolution
		{1F8C5E8D-EDC2-4A02-80DA-2E4652FF9F08}.Debug|Any CPU.ActiveCfg = Debug|Any CPU
		{1F8C5E8D-EDC2-4A02-80DA-2E4652FF9F08}.Debug|Any CPU.Build.0 = Debug|Any CPU
		{1F8C5E8D-EDC2-4A02-80DA-2E4652FF9F08}.Release|Any CPU.ActiveCfg = Release|Any CPU
		{1F8C5E8D-EDC2-4A02-80DA-2E4652FF9F08}.Release|Any CPU.Build.0 = Release|Any CPU
		{A72F6594-B8D5-44A8-A350-C5853FE34563}.Debug|Any CPU.ActiveCfg = Debug|Any CPU
		{A72F6594-B8D5-44A8-A350-C5853FE34563}.Debug|Any CPU.Build.0 = Debug|Any CPU
		{A72F6594-B8D5-44A8-A350-C5853FE34563}.Release|Any CPU.ActiveCfg = Release|Any CPU
		{A72F6594-B8D5-44A8-A350-C5853FE34563}.Release|Any CPU.Build.0 = Release|Any CPU
		{BAA8DCE7-1C4A-42B5-910A-63D7E2C4B010}.Debug|Any CPU.ActiveCfg = Debug|Any CPU
		{BAA8DCE7-1C4A-42B5-910A-63D7E2C4B010}.Debug|Any CPU.Build.0 = Debug|Any CPU
		{BAA8DCE7-1C4A-42B5-910A-63D7E2C4B010}.Release|Any CPU.ActiveCfg = Release|Any CPU
		{BAA8DCE7-1C4A-42B5-910A-63D7E2C4B010}.Release|Any CPU.Build.0 = Release|Any CPU
		{B2F81E6B-26FE-49C6-B7FF-3002DB55E680}.Debug|Any CPU.ActiveCfg = Debug|Any CPU
		{B2F81E6B-26FE-49C6-B7FF-3002DB55E680}.Debug|Any CPU.Build.0 = Debug|Any CPU
		{B2F81E6B-26FE-49C6-B7FF-3002DB55E680}.Release|Any CPU.ActiveCfg = Release|Any CPU
		{B2F81E6B-26FE-49C6-B7FF-3002DB55E680}.Release|Any CPU.Build.0 = Release|Any CPU
		{1A582562-8901-42BF-A188-EB807F6AEF91}.Debug|Any CPU.ActiveCfg = Debug|Any CPU
		{1A582562-8901-42BF-A188-EB807F6AEF91}.Debug|Any CPU.Build.0 = Debug|Any CPU
		{1A582562-8901-42BF-A188-EB807F6AEF91}.Release|Any CPU.ActiveCfg = Release|Any CPU
		{1A582562-8901-42BF-A188-EB807F6AEF91}.Release|Any CPU.Build.0 = Release|Any CPU
		{578B436F-0448-41AE-827E-BA55BB09A1E3}.Debug|Any CPU.ActiveCfg = Debug|Any CPU
		{578B436F-0448-41AE-827E-BA55BB09A1E3}.Debug|Any CPU.Build.0 = Debug|Any CPU
		{578B436F-0448-41AE-827E-BA55BB09A1E3}.Release|Any CPU.ActiveCfg = Release|Any CPU
		{578B436F-0448-41AE-827E-BA55BB09A1E3}.Release|Any CPU.Build.0 = Release|Any CPU
		{755840E7-9A13-4CE0-BEF4-FB038FBE75D2}.Debug|Any CPU.ActiveCfg = Debug|Any CPU
		{755840E7-9A13-4CE0-BEF4-FB038FBE75D2}.Debug|Any CPU.Build.0 = Debug|Any CPU
		{755840E7-9A13-4CE0-BEF4-FB038FBE75D2}.Release|Any CPU.ActiveCfg = Release|Any CPU
		{755840E7-9A13-4CE0-BEF4-FB038FBE75D2}.Release|Any CPU.Build.0 = Release|Any CPU
		{C3E02732-3989-410D-9EC0-23A6A38E3C9E}.Debug|Any CPU.ActiveCfg = Debug|Any CPU
		{C3E02732-3989-410D-9EC0-23A6A38E3C9E}.Debug|Any CPU.Build.0 = Debug|Any CPU
		{C3E02732-3989-410D-9EC0-23A6A38E3C9E}.Release|Any CPU.ActiveCfg = Release|Any CPU
		{C3E02732-3989-410D-9EC0-23A6A38E3C9E}.Release|Any CPU.Build.0 = Release|Any CPU
		{B6485528-7D8D-4619-9190-A33CEEC5C72C}.Debug|Any CPU.ActiveCfg = Debug|Any CPU
		{B6485528-7D8D-4619-9190-A33CEEC5C72C}.Debug|Any CPU.Build.0 = Debug|Any CPU
		{B6485528-7D8D-4619-9190-A33CEEC5C72C}.Release|Any CPU.ActiveCfg = Release|Any CPU
		{B6485528-7D8D-4619-9190-A33CEEC5C72C}.Release|Any CPU.Build.0 = Release|Any CPU
		{BA668DC3-5BEC-47E4-BC10-266D09E5396D}.Debug|Any CPU.ActiveCfg = Debug|Any CPU
		{BA668DC3-5BEC-47E4-BC10-266D09E5396D}.Debug|Any CPU.Build.0 = Debug|Any CPU
		{BA668DC3-5BEC-47E4-BC10-266D09E5396D}.Release|Any CPU.ActiveCfg = Release|Any CPU
		{BA668DC3-5BEC-47E4-BC10-266D09E5396D}.Release|Any CPU.Build.0 = Release|Any CPU
		{D4AB19D3-8D64-4BAE-9C51-FCE999C068A1}.Debug|Any CPU.ActiveCfg = Debug|Any CPU
		{D4AB19D3-8D64-4BAE-9C51-FCE999C068A1}.Debug|Any CPU.Build.0 = Debug|Any CPU
		{D4AB19D3-8D64-4BAE-9C51-FCE999C068A1}.Release|Any CPU.ActiveCfg = Release|Any CPU
		{D4AB19D3-8D64-4BAE-9C51-FCE999C068A1}.Release|Any CPU.Build.0 = Release|Any CPU
		{6D4FEAD3-4EC0-4ADE-8626-A63897EDC6E4}.Debug|Any CPU.ActiveCfg = Debug|Any CPU
		{6D4FEAD3-4EC0-4ADE-8626-A63897EDC6E4}.Debug|Any CPU.Build.0 = Debug|Any CPU
		{6D4FEAD3-4EC0-4ADE-8626-A63897EDC6E4}.Release|Any CPU.ActiveCfg = Release|Any CPU
		{6D4FEAD3-4EC0-4ADE-8626-A63897EDC6E4}.Release|Any CPU.Build.0 = Release|Any CPU
		{76CF7D3E-DBE5-42DD-A356-3C651167A1D6}.Debug|Any CPU.ActiveCfg = Debug|Any CPU
		{76CF7D3E-DBE5-42DD-A356-3C651167A1D6}.Debug|Any CPU.Build.0 = Debug|Any CPU
		{76CF7D3E-DBE5-42DD-A356-3C651167A1D6}.Release|Any CPU.ActiveCfg = Release|Any CPU
		{76CF7D3E-DBE5-42DD-A356-3C651167A1D6}.Release|Any CPU.Build.0 = Release|Any CPU
		{06BC490F-6EFB-4F1E-A0E9-7D1176994EDA}.Debug|Any CPU.ActiveCfg = Debug|Any CPU
		{06BC490F-6EFB-4F1E-A0E9-7D1176994EDA}.Debug|Any CPU.Build.0 = Debug|Any CPU
		{06BC490F-6EFB-4F1E-A0E9-7D1176994EDA}.Release|Any CPU.ActiveCfg = Release|Any CPU
		{06BC490F-6EFB-4F1E-A0E9-7D1176994EDA}.Release|Any CPU.Build.0 = Release|Any CPU
		{20113039-3D6A-4F8A-8615-582FD8AA1EE5}.Debug|Any CPU.ActiveCfg = Debug|Any CPU
		{20113039-3D6A-4F8A-8615-582FD8AA1EE5}.Debug|Any CPU.Build.0 = Debug|Any CPU
		{20113039-3D6A-4F8A-8615-582FD8AA1EE5}.Release|Any CPU.ActiveCfg = Release|Any CPU
		{20113039-3D6A-4F8A-8615-582FD8AA1EE5}.Release|Any CPU.Build.0 = Release|Any CPU
		{7E808F49-B7BC-4C98-979F-EFA899DA7B9B}.Debug|Any CPU.ActiveCfg = Debug|Any CPU
		{7E808F49-B7BC-4C98-979F-EFA899DA7B9B}.Debug|Any CPU.Build.0 = Debug|Any CPU
		{7E808F49-B7BC-4C98-979F-EFA899DA7B9B}.Release|Any CPU.ActiveCfg = Release|Any CPU
		{7E808F49-B7BC-4C98-979F-EFA899DA7B9B}.Release|Any CPU.Build.0 = Release|Any CPU
		{407ED36D-63E3-4B3F-96D8-6985D7BE61E0}.Debug|Any CPU.ActiveCfg = Debug|Any CPU
		{407ED36D-63E3-4B3F-96D8-6985D7BE61E0}.Debug|Any CPU.Build.0 = Debug|Any CPU
		{407ED36D-63E3-4B3F-96D8-6985D7BE61E0}.Release|Any CPU.ActiveCfg = Release|Any CPU
		{407ED36D-63E3-4B3F-96D8-6985D7BE61E0}.Release|Any CPU.Build.0 = Release|Any CPU
		{62D5D573-CC65-43D5-8FC8-F25791B67A90}.Debug|Any CPU.ActiveCfg = Debug|Any CPU
		{62D5D573-CC65-43D5-8FC8-F25791B67A90}.Debug|Any CPU.Build.0 = Debug|Any CPU
		{62D5D573-CC65-43D5-8FC8-F25791B67A90}.Release|Any CPU.ActiveCfg = Release|Any CPU
		{62D5D573-CC65-43D5-8FC8-F25791B67A90}.Release|Any CPU.Build.0 = Release|Any CPU
		{CAEB3C3A-AB16-4E51-8861-A3FCC54096D5}.Debug|Any CPU.ActiveCfg = Debug|Any CPU
		{CAEB3C3A-AB16-4E51-8861-A3FCC54096D5}.Debug|Any CPU.Build.0 = Debug|Any CPU
		{CAEB3C3A-AB16-4E51-8861-A3FCC54096D5}.Release|Any CPU.ActiveCfg = Release|Any CPU
		{CAEB3C3A-AB16-4E51-8861-A3FCC54096D5}.Release|Any CPU.Build.0 = Release|Any CPU
	EndGlobalSection
	GlobalSection(SolutionProperties) = preSolution
		HideSolutionNode = FALSE
	EndGlobalSection
	GlobalSection(ExtensibilityGlobals) = postSolution
		SolutionGuid = {DFB5D5E6-70D7-4911-8183-78D05848D2BA}
	EndGlobalSection
EndGlobal
